packages:
  - name: dbt_utils
    package: dbt-labs/dbt_utils
    version: 1.4.1
  - git: https://github.com/tuva-health/medicare_cclf_connector.git
    name: medicare_cclf_connector
    revision: 1deb35646069679bffeee7abf12ce9ab0bf3e29c
  - git: https://github.com/tuva-health/tuva-core.git
    name: the_tuva_project
    revision: 131d12a5225282563917b76af92718b555c24d4d
sha1_hash: 53131b2a080db1a4715ce9ba0615945e1d875446
